
Microsoft Visual Studio Solution File, Format Version 11.00
# Visual Studio 2010
Project("{FAE04EC0-301F-11D3-BF4B-00C04F79EFBC}") = "Replayer.Core", "Replayer.Core.csproj", "{F602672D-A488-440B-A535-F1AE1F39210A}"
EndProject
Global
	GlobalSection(SolutionConfigurationPlatforms) = preSolution
		Debug|Any CPU = Debug|Any CPU
		Release|Any CPU = Release|Any CPU
	EndGlobalSection
	GlobalSection(ProjectConfigurationPlatforms) = postSolution
		{F602672D-A488-440B-A535-F1AE1F39210A}.Debug|Any CPU.ActiveCfg = Debug|Any CPU
		{F602672D-A488-440B-A535-F1AE1F39210A}.Debug|Any CPU.Build.0 = Debug|Any CPU
		{F602672D-A488-440B-A535-F1AE1F39210A}.Release|Any CPU.ActiveCfg = Release|Any CPU
		{F602672D-A488-440B-A535-F1AE1F39210A}.Release|Any CPU.Build.0 = Release|Any CPU
	EndGlobalSection
	GlobalSection(SolutionProperties) = preSolution
		HideSolutionNode = FALSE
	EndGlobalSection
EndGlobal
