
Microsoft Visual Studio Solution File, Format Version 12.00
# Visual Studio 15
VisualStudioVersion = 15.0.27428.1
MinimumVisualStudioVersion = 10.0.40219.1
Project("{FAE04EC0-301F-11D3-BF4B-00C04F79EFBC}") = "Replayer.Core", "Replayer.Core\Replayer.Core.csproj", "{F602672D-A488-440B-A535-F1AE1F39210A}"
EndProject
Project("{FAE04EC0-301F-11D3-BF4B-00C04F79EFBC}") = "WizardBase", "WizardBase\WizardBase.csproj", "{C742E00B-3933-4834-BC41-19848E1E3AF2}"
EndProject
Project("{FAE04EC0-301F-11D3-BF4B-00C04F79EFBC}") = "Replayer.WinForms.Ui", "Replayer.WinForms.Ui\Replayer.WinForms.Ui.csproj", "{715CCAF5-3456-4D27-8C77-398DB2F6E446}"
EndProject
Project("{FAE04EC0-301F-11D3-BF4B-00C04F79EFBC}") = "Quirli.Api", "quirli.api\Quirli.Api.csproj", "{EFFF4AF7-6DC4-4E99-B0EE-D451349A2DA8}"
EndProject
Project("{FAE04EC0-301F-11D3-BF4B-00C04F79EFBC}") = "Quirli.Api.Test", "Quirli.Api.Test\Quirli.Api.Test.csproj", "{EB0569FD-93F6-4B22-8489-23FFCCE11B77}"
EndProject
Project("{FAE04EC0-301F-11D3-BF4B-00C04F79EFBC}") = "RePlayer.Core.Test", "RePlayer.Core.Test\RePlayer.Core.Test.csproj", "{51DF093D-6247-40C7-BDDB-23976411D3C0}"
EndProject
Project("{FAE04EC0-301F-11D3-BF4B-00C04F79EFBC}") = "Replayer.Model", "Replayer.Model\Replayer.Model.csproj", "{EF749824-12D8-4A12-A2E8-700CCB504AF2}"
EndProject
Project("{2150E333-8FDC-42A3-9474-1A3956D46DE8}") = "Solution Items", "Solution Items", "{4F482107-5CAB-4047-8566-46ED78F12723}"
	ProjectSection(SolutionItems) = preProject
		.editorconfig = .editorconfig
	EndProjectSection
EndProject
Global
	GlobalSection(SolutionConfigurationPlatforms) = preSolution
		Debug|Any CPU = Debug|Any CPU
		Debug|Mixed Platforms = Debug|Mixed Platforms
		Debug|x86 = Debug|x86
		Release|Any CPU = Release|Any CPU
		Release|Mixed Platforms = Release|Mixed Platforms
		Release|x86 = Release|x86
	EndGlobalSection
	GlobalSection(ProjectConfigurationPlatforms) = postSolution
		{F602672D-A488-440B-A535-F1AE1F39210A}.Debug|Any CPU.ActiveCfg = Debug|Any CPU
		{F602672D-A488-440B-A535-F1AE1F39210A}.Debug|Any CPU.Build.0 = Debug|Any CPU
		{F602672D-A488-440B-A535-F1AE1F39210A}.Debug|Mixed Platforms.ActiveCfg = Debug|Any CPU
		{F602672D-A488-440B-A535-F1AE1F39210A}.Debug|Mixed Platforms.Build.0 = Debug|Any CPU
		{F602672D-A488-440B-A535-F1AE1F39210A}.Debug|x86.ActiveCfg = Debug|Any CPU
		{F602672D-A488-440B-A535-F1AE1F39210A}.Release|Any CPU.ActiveCfg = Release|Any CPU
		{F602672D-A488-440B-A535-F1AE1F39210A}.Release|Any CPU.Build.0 = Release|Any CPU
		{F602672D-A488-440B-A535-F1AE1F39210A}.Release|Mixed Platforms.ActiveCfg = Release|Any CPU
		{F602672D-A488-440B-A535-F1AE1F39210A}.Release|Mixed Platforms.Build.0 = Release|Any CPU
		{F602672D-A488-440B-A535-F1AE1F39210A}.Release|x86.ActiveCfg = Release|Any CPU
		{C742E00B-3933-4834-BC41-19848E1E3AF2}.Debug|Any CPU.ActiveCfg = Debug|Any CPU
		{C742E00B-3933-4834-BC41-19848E1E3AF2}.Debug|Any CPU.Build.0 = Debug|Any CPU
		{C742E00B-3933-4834-BC41-19848E1E3AF2}.Debug|Mixed Platforms.ActiveCfg = Debug|Any CPU
		{C742E00B-3933-4834-BC41-19848E1E3AF2}.Debug|Mixed Platforms.Build.0 = Debug|Any CPU
		{C742E00B-3933-4834-BC41-19848E1E3AF2}.Debug|x86.ActiveCfg = Debug|Any CPU
		{C742E00B-3933-4834-BC41-19848E1E3AF2}.Release|Any CPU.ActiveCfg = Release|Any CPU
		{C742E00B-3933-4834-BC41-19848E1E3AF2}.Release|Any CPU.Build.0 = Release|Any CPU
		{C742E00B-3933-4834-BC41-19848E1E3AF2}.Release|Mixed Platforms.ActiveCfg = Release|Any CPU
		{C742E00B-3933-4834-BC41-19848E1E3AF2}.Release|Mixed Platforms.Build.0 = Release|Any CPU
		{C742E00B-3933-4834-BC41-19848E1E3AF2}.Release|x86.ActiveCfg = Release|Any CPU
		{715CCAF5-3456-4D27-8C77-398DB2F6E446}.Debug|Any CPU.ActiveCfg = Debug|x86
		{715CCAF5-3456-4D27-8C77-398DB2F6E446}.Debug|Mixed Platforms.ActiveCfg = Debug|x86
		{715CCAF5-3456-4D27-8C77-398DB2F6E446}.Debug|Mixed Platforms.Build.0 = Debug|x86
		{715CCAF5-3456-4D27-8C77-398DB2F6E446}.Debug|x86.ActiveCfg = Debug|x86
		{715CCAF5-3456-4D27-8C77-398DB2F6E446}.Debug|x86.Build.0 = Debug|x86
		{715CCAF5-3456-4D27-8C77-398DB2F6E446}.Release|Any CPU.ActiveCfg = Release|x86
		{715CCAF5-3456-4D27-8C77-398DB2F6E446}.Release|Mixed Platforms.ActiveCfg = Release|x86
		{715CCAF5-3456-4D27-8C77-398DB2F6E446}.Release|Mixed Platforms.Build.0 = Release|x86
		{715CCAF5-3456-4D27-8C77-398DB2F6E446}.Release|x86.ActiveCfg = Release|x86
		{715CCAF5-3456-4D27-8C77-398DB2F6E446}.Release|x86.Build.0 = Release|x86
		{EFFF4AF7-6DC4-4E99-B0EE-D451349A2DA8}.Debug|Any CPU.ActiveCfg = Debug|Any CPU
		{EFFF4AF7-6DC4-4E99-B0EE-D451349A2DA8}.Debug|Any CPU.Build.0 = Debug|Any CPU
		{EFFF4AF7-6DC4-4E99-B0EE-D451349A2DA8}.Debug|Mixed Platforms.ActiveCfg = Debug|Any CPU
		{EFFF4AF7-6DC4-4E99-B0EE-D451349A2DA8}.Debug|Mixed Platforms.Build.0 = Debug|Any CPU
		{EFFF4AF7-6DC4-4E99-B0EE-D451349A2DA8}.Debug|x86.ActiveCfg = Debug|Any CPU
		{EFFF4AF7-6DC4-4E99-B0EE-D451349A2DA8}.Release|Any CPU.ActiveCfg = Release|Any CPU
		{EFFF4AF7-6DC4-4E99-B0EE-D451349A2DA8}.Release|Any CPU.Build.0 = Release|Any CPU
		{EFFF4AF7-6DC4-4E99-B0EE-D451349A2DA8}.Release|Mixed Platforms.ActiveCfg = Release|Any CPU
		{EFFF4AF7-6DC4-4E99-B0EE-D451349A2DA8}.Release|Mixed Platforms.Build.0 = Release|Any CPU
		{EFFF4AF7-6DC4-4E99-B0EE-D451349A2DA8}.Release|x86.ActiveCfg = Release|Any CPU
		{EB0569FD-93F6-4B22-8489-23FFCCE11B77}.Debug|Any CPU.ActiveCfg = Debug|Any CPU
		{EB0569FD-93F6-4B22-8489-23FFCCE11B77}.Debug|Any CPU.Build.0 = Debug|Any CPU
		{EB0569FD-93F6-4B22-8489-23FFCCE11B77}.Debug|Mixed Platforms.ActiveCfg = Debug|Any CPU
		{EB0569FD-93F6-4B22-8489-23FFCCE11B77}.Debug|Mixed Platforms.Build.0 = Debug|Any CPU
		{EB0569FD-93F6-4B22-8489-23FFCCE11B77}.Debug|x86.ActiveCfg = Debug|Any CPU
		{EB0569FD-93F6-4B22-8489-23FFCCE11B77}.Release|Any CPU.ActiveCfg = Release|Any CPU
		{EB0569FD-93F6-4B22-8489-23FFCCE11B77}.Release|Any CPU.Build.0 = Release|Any CPU
		{EB0569FD-93F6-4B22-8489-23FFCCE11B77}.Release|Mixed Platforms.ActiveCfg = Release|Any CPU
		{EB0569FD-93F6-4B22-8489-23FFCCE11B77}.Release|Mixed Platforms.Build.0 = Release|Any CPU
		{EB0569FD-93F6-4B22-8489-23FFCCE11B77}.Release|x86.ActiveCfg = Release|Any CPU
		{51DF093D-6247-40C7-BDDB-23976411D3C0}.Debug|Any CPU.ActiveCfg = Debug|Any CPU
		{51DF093D-6247-40C7-BDDB-23976411D3C0}.Debug|Any CPU.Build.0 = Debug|Any CPU
		{51DF093D-6247-40C7-BDDB-23976411D3C0}.Debug|Mixed Platforms.ActiveCfg = Debug|Any CPU
		{51DF093D-6247-40C7-BDDB-23976411D3C0}.Debug|Mixed Platforms.Build.0 = Debug|Any CPU
		{51DF093D-6247-40C7-BDDB-23976411D3C0}.Debug|x86.ActiveCfg = Debug|Any CPU
		{51DF093D-6247-40C7-BDDB-23976411D3C0}.Release|Any CPU.ActiveCfg = Release|Any CPU
		{51DF093D-6247-40C7-BDDB-23976411D3C0}.Release|Any CPU.Build.0 = Release|Any CPU
		{51DF093D-6247-40C7-BDDB-23976411D3C0}.Release|Mixed Platforms.ActiveCfg = Release|Any CPU
		{51DF093D-6247-40C7-BDDB-23976411D3C0}.Release|Mixed Platforms.Build.0 = Release|Any CPU
		{51DF093D-6247-40C7-BDDB-23976411D3C0}.Release|x86.ActiveCfg = Release|Any CPU
		{EF749824-12D8-4A12-A2E8-700CCB504AF2}.Debug|Any CPU.ActiveCfg = Debug|Any CPU
		{EF749824-12D8-4A12-A2E8-700CCB504AF2}.Debug|Any CPU.Build.0 = Debug|Any CPU
		{EF749824-12D8-4A12-A2E8-700CCB504AF2}.Debug|Mixed Platforms.ActiveCfg = Debug|Any CPU
		{EF749824-12D8-4A12-A2E8-700CCB504AF2}.Debug|Mixed Platforms.Build.0 = Debug|Any CPU
		{EF749824-12D8-4A12-A2E8-700CCB504AF2}.Debug|x86.ActiveCfg = Debug|Any CPU
		{EF749824-12D8-4A12-A2E8-700CCB504AF2}.Release|Any CPU.ActiveCfg = Release|Any CPU
		{EF749824-12D8-4A12-A2E8-700CCB504AF2}.Release|Any CPU.Build.0 = Release|Any CPU
		{EF749824-12D8-4A12-A2E8-700CCB504AF2}.Release|Mixed Platforms.ActiveCfg = Release|Any CPU
		{EF749824-12D8-4A12-A2E8-700CCB504AF2}.Release|Mixed Platforms.Build.0 = Release|Any CPU
		{EF749824-12D8-4A12-A2E8-700CCB504AF2}.Release|x86.ActiveCfg = Release|Any CPU
	EndGlobalSection
	GlobalSection(SolutionProperties) = preSolution
		HideSolutionNode = FALSE
	EndGlobalSection
	GlobalSection(ExtensibilityGlobals) = postSolution
		SolutionGuid = {BEE89435-69CF-4029-ACB5-589BA6A2D9D7}
	EndGlobalSection
EndGlobal
